
Microsoft Visual Studio Solution File, Format Version 12.00
# Visual Studio Version 17
VisualStudioVersion = 17.14.36717.8 d17.14
MinimumVisualStudioVersion = 10.0.40219.1
Project("{FAE04EC0-301F-11D3-BF4B-00C04F79EFBC}") = "FusionTransformer", "FusionTransformer.csproj", "{9F943AF6-718F-4FC9-A99E-B62C95E54EE2}"
EndProject
Global
	GlobalSection(SolutionConfigurationPlatforms) = preSolution
		Debug|Any CPU = Debug|Any CPU
		Release|Any CPU = Release|Any CPU
	EndGlobalSection
	GlobalSection(ProjectConfigurationPlatforms) = postSolution
		{9F943AF6-718F-4FC9-A99E-B62C95E54EE2}.Debug|Any CPU.ActiveCfg = Debug|Any CPU
		{9F943AF6-718F-4FC9-A99E-B62C95E54EE2}.Debug|Any CPU.Build.0 = Debug|Any CPU
		{9F943AF6-718F-4FC9-A99E-B62C95E54EE2}.Release|Any CPU.ActiveCfg = Release|Any CPU
		{9F943AF6-718F-4FC9-A99E-B62C95E54EE2}.Release|Any CPU.Build.0 = Release|Any CPU
	EndGlobalSection
	GlobalSection(SolutionProperties) = preSolution
		HideSolutionNode = FALSE
	EndGlobalSection
	GlobalSection(ExtensibilityGlobals) = postSolution
		SolutionGuid = {9A3E473B-DB1A-4B4E-A9F3-55E823DF0C2D}
	EndGlobalSection
EndGlobal
